
Microsoft Visual Studio Solution File, Format Version 12.00
# Visual Studio 15
VisualStudioVersion = 15.0.28307.168
MinimumVisualStudioVersion = 10.0.40219.1
Project("{888888A0-9F3D-457C-B088-3A5042F75D52}") = "MLH-Hackathon-Scraper", "MLH-Hackathon-Scraper.pyproj", "{A573B9FB-A8AC-463D-8599-E662796B79FE}"
EndProject
Global
	GlobalSection(SolutionConfigurationPlatforms) = preSolution
		Debug|Any CPU = Debug|Any CPU
		Release|Any CPU = Release|Any CPU
	EndGlobalSection
	GlobalSection(ProjectConfigurationPlatforms) = postSolution
		{A573B9FB-A8AC-463D-8599-E662796B79FE}.Debug|Any CPU.ActiveCfg = Debug|Any CPU
		{A573B9FB-A8AC-463D-8599-E662796B79FE}.Release|Any CPU.ActiveCfg = Release|Any CPU
	EndGlobalSection
	GlobalSection(SolutionProperties) = preSolution
		HideSolutionNode = FALSE
	EndGlobalSection
	GlobalSection(ExtensibilityGlobals) = postSolution
		SolutionGuid = {2493207B-1733-44CC-9157-6429A0D54806}
	EndGlobalSection
EndGlobal
